
Microsoft Visual Studio Solution File, Format Version 12.00
# Visual Studio 15
VisualStudioVersion = 15.0.28307.2092
MinimumVisualStudioVersion = 10.0.40219.1
Project("{FAE04EC0-301F-11D3-BF4B-00C04F79EFBC}") = "ApisParcial4", "ApisParcial4\ApisParcial4.csproj", "{A3BCB63F-CFB3-4BAC-A5D9-FBE00ABC444A}"
EndProject
Project("{FAE04EC0-301F-11D3-BF4B-00C04F79EFBC}") = "MVCParcial4", "MVCParcial4\MVCParcial4.csproj", "{D0D6341D-D0AE-4EA9-8B0A-E2D8485A0346}"
EndProject
Global
	GlobalSection(SolutionConfigurationPlatforms) = preSolution
		Debug|Any CPU = Debug|Any CPU
		Release|Any CPU = Release|Any CPU
	EndGlobalSection
	GlobalSection(ProjectConfigurationPlatforms) = postSolution
		{A3BCB63F-CFB3-4BAC-A5D9-FBE00ABC444A}.Debug|Any CPU.ActiveCfg = Debug|Any CPU
		{A3BCB63F-CFB3-4BAC-A5D9-FBE00ABC444A}.Debug|Any CPU.Build.0 = Debug|Any CPU
		{A3BCB63F-CFB3-4BAC-A5D9-FBE00ABC444A}.Release|Any CPU.ActiveCfg = Release|Any CPU
		{A3BCB63F-CFB3-4BAC-A5D9-FBE00ABC444A}.Release|Any CPU.Build.0 = Release|Any CPU
		{D0D6341D-D0AE-4EA9-8B0A-E2D8485A0346}.Debug|Any CPU.ActiveCfg = Debug|Any CPU
		{D0D6341D-D0AE-4EA9-8B0A-E2D8485A0346}.Debug|Any CPU.Build.0 = Debug|Any CPU
		{D0D6341D-D0AE-4EA9-8B0A-E2D8485A0346}.Release|Any CPU.ActiveCfg = Release|Any CPU
		{D0D6341D-D0AE-4EA9-8B0A-E2D8485A0346}.Release|Any CPU.Build.0 = Release|Any CPU
	EndGlobalSection
	GlobalSection(SolutionProperties) = preSolution
		HideSolutionNode = FALSE
	EndGlobalSection
	GlobalSection(ExtensibilityGlobals) = postSolution
		SolutionGuid = {ACB40C50-4E35-43B2-A1B6-EB85779A5EAC}
	EndGlobalSection
EndGlobal
